// !$*UTF8*$!
{
	archiveVersion = 1;
	classes = {
	};
	objectVersion = 50;
	objects = {

/* Begin PBXBuildFile section */
		E5338C70223F36590013DECC /* AppDelegate.m in Sources */ = {isa = PBXBuildFile; fileRef = E5338C6F223F36590013DECC /* AppDelegate.m */; };
		E5338C73223F36590013DECC /* ViewController.m in Sources */ = {isa = PBXBuildFile; fileRef = E5338C72223F36590013DECC /* ViewController.m */; };
		E5338C78223F365C0013DECC /* Assets.xcassets in Resources */ = {isa = PBXBuildFile; fileRef = E5338C77223F365C0013DECC /* Assets.xcassets */; };
		E5338C7B223F365C0013DECC /* LaunchScreen.storyboard in Resources */ = {isa = PBXBuildFile; fileRef = E5338C79223F365C0013DECC /* LaunchScreen.storyboard */; };
		E5338C7E223F365C0013DECC /* main.m in Sources */ = {isa = PBXBuildFile; fileRef = E5338C7D223F365C0013DECC /* main.m */; };
		E5338C88223F365D0013DECC /* XLStatusBarHUDDemoTests.m in Sources */ = {isa = PBXBuildFile; fileRef = E5338C87223F365D0013DECC /* XLStatusBarHUDDemoTests.m */; };
		E5338C93223F365D0013DECC /* XLStatusBarHUDDemoUITests.m in Sources */ = {isa = PBXBuildFile; fileRef = E5338C92223F365D0013DECC /* XLStatusBarHUDDemoUITests.m */; };
		E5338CA4223F367E0013DECC /* XLStatusBarHUD.bundle in Resources */ = {isa = PBXBuildFile; fileRef = E5338CA2223F367E0013DECC /* XLStatusBarHUD.bundle */; };
		E5338CA5223F367E0013DECC /* XLStatusBarHUD.m in Sources */ = {isa = PBXBuildFile; fileRef = E5338CA3223F367E0013DECC /* XLStatusBarHUD.m */; };
		E5338CA7223F36F90013DECC /* Main.storyboard in Resources */ = {isa = PBXBuildFile; fileRef = E5338CA6223F36F90013DECC /* Main.storyboard */; };
/* End PBXBuildFile section */

/* Begin PBXContainerItemProxy section */
		E5338C84223F365D0013DECC /* PBXContainerItemProxy */ = {
			isa = PBXContainerItemProxy;
			containerPortal = E5338C63223F36590013DECC /* Project object */;
			proxyType = 1;
			remoteGlobalIDString = E5338C6A223F36590013DECC;
			remoteInfo = XLStatusBarHUDDemo;
		};
		E5338C8F223F365D0013DECC /* PBXContainerItemProxy */ = {
			isa = PBXContainerItemProxy;
			containerPortal = E5338C63223F36590013DECC /* Project object */;
			proxyType = 1;
			remoteGlobalIDString = E5338C6A223F36590013DECC;
			remoteInfo = XLStatusBarHUDDemo;
		};
/* End PBXContainerItemProxy section */

/* Begin PBXFileReference section */
		E5338C6B223F36590013DECC /* XLStatusBarHUDDemo.app */ = {isa = PBXFileReference; explicitFileType = wrapper.application; includeInIndex = 0; path = XLStatusBarHUDDemo.app; sourceTree = BUILT_PRODUCTS_DIR; };
		E5338C6E223F36590013DECC /* AppDelegate.h */ = {isa = PBXFileReference; lastKnownFileType = sourcecode.c.h; path = AppDelegate.h; sourceTree = "<group>"; };
		E5338C6F223F36590013DECC /* AppDelegate.m */ = {isa = PBXFileReference; lastKnownFileType = sourcecode.c.objc; path = AppDelegate.m; sourceTree = "<group>"; };
		E5338C71223F36590013DECC /* ViewController.h */ = {isa = PBXFileReference; lastKnownFileType = sourcecode.c.h; path = ViewController.h; sourceTree = "<group>"; };
		E5338C72223F36590013DECC /* ViewController.m */ = {isa = PBXFileReference; lastKnownFileType = sourcecode.c.objc; path = ViewController.m; sourceTree = "<group>"; };
		E5338C77223F365C0013DECC /* Assets.xcassets */ = {isa = PBXFileReference; lastKnownFileType = folder.assetcatalog; path = Assets.xcassets; sourceTree = "<group>"; };
		E5338C7A223F365C0013DECC /* Base */ = {isa = PBXFileReference; lastKnownFileType = file.storyboard; name = Base; path = Base.lproj/LaunchScreen.storyboard; sourceTree = "<group>"; };
		E5338C7C223F365C0013DECC /* Info.plist */ = {isa = PBXFileReference; lastKnownFileType = text.plist.xml; path = Info.plist; sourceTree = "<group>"; };
		E5338C7D223F365C0013DECC /* main.m */ = {isa = PBXFileReference; lastKnownFileType = sourcecode.c.objc; path = main.m; sourceTree = "<group>"; };
		E5338C83223F365D0013DECC /* XLStatusBarHUDDemoTests.xctest */ = {isa = PBXFileReference; explicitFileType = wrapper.cfbundle; includeInIndex = 0; path = XLStatusBarHUDDemoTests.xctest; sourceTree = BUILT_PRODUCTS_DIR; };
		E5338C87223F365D0013DECC /* XLStatusBarHUDDemoTests.m */ = {isa = PBXFileReference; lastKnownFileType = sourcecode.c.objc; path = XLStatusBarHUDDemoTests.m; sourceTree = "<group>"; };
		E5338C89223F365D0013DECC /* Info.plist */ = {isa = PBXFileReference; lastKnownFileType = text.plist.xml; path = Info.plist; sourceTree = "<group>"; };
		E5338C8E223F365D0013DECC /* XLStatusBarHUDDemoUITests.xctest */ = {isa = PBXFileReference; explicitFileType = wrapper.cfbundle; includeInIndex = 0; path = XLStatusBarHUDDemoUITests.xctest; sourceTree = BUILT_PRODUCTS_DIR; };
		E5338C92223F365D0013DECC /* XLStatusBarHUDDemoUITests.m */ = {isa = PBXFileReference; lastKnownFileType = sourcecode.c.objc; path = XLStatusBarHUDDemoUITests.m; sourceTree = "<group>"; };
		E5338C94223F365D0013DECC /* Info.plist */ = {isa = PBXFileReference; lastKnownFileType = text.plist.xml; path = Info.plist; sourceTree = "<group>"; };
		E5338CA1223F367E0013DECC /* XLStatusBarHUD.h */ = {isa = PBXFileReference; fileEncoding = 4; lastKnownFileType = sourcecode.c.h; path = XLStatusBarHUD.h; sourceTree = "<group>"; };
		E5338CA2223F367E0013DECC /* XLStatusBarHUD.bundle */ = {isa = PBXFileReference; lastKnownFileType = "wrapper.plug-in"; path = XLStatusBarHUD.bundle; sourceTree = "<group>"; };
		E5338CA3223F367E0013DECC /* XLStatusBarHUD.m */ = {isa = PBXFileReference; fileEncoding = 4; lastKnownFileType = sourcecode.c.objc; path = XLStatusBarHUD.m; sourceTree = "<group>"; };
		E5338CA6223F36F90013DECC /* Main.storyboard */ = {isa = PBXFileReference; fileEncoding = 4; lastKnownFileType = file.storyboard; path = Main.storyboard; sourceTree = "<group>"; };
/* End PBXFileReference section */

/* Begin PBXFrameworksBuildPhase section */
		E5338C68223F36590013DECC /* Frameworks */ = {
			isa = PBXFrameworksBuildPhase;
			buildActionMask = 2147483647;
			files = (
			);
			runOnlyForDeploymentPostprocessing = 0;
		};
		E5338C80223F365D0013DECC /* Frameworks */ = {
			isa = PBXFrameworksBuildPhase;
			buildActionMask = 2147483647;
			files = (
			);
			runOnlyForDeploymentPostprocessing = 0;
		};
		E5338C8B223F365D0013DECC /* Frameworks */ = {
			isa = PBXFrameworksBuildPhase;
			buildActionMask = 2147483647;
			files = (
			);
			runOnlyForDeploymentPostprocessing = 0;
		};
/* End PBXFrameworksBuildPhase section */

/* Begin PBXGroup section */
		E5338C62223F36590013DECC = {
			isa = PBXGroup;
			children = (
				E5338C6D223F36590013DECC /* XLStatusBarHUDDemo */,
				E5338C86223F365D0013DECC /* XLStatusBarHUDDemoTests */,
				E5338C91223F365D0013DECC /* XLStatusBarHUDDemoUITests */,
				E5338C6C223F36590013DECC /* Products */,
			);
			sourceTree = "<group>";
		};
		E5338C6C223F36590013DECC /* Products */ = {
			isa = PBXGroup;
			children = (
				E5338C6B223F36590013DECC /* XLStatusBarHUDDemo.app */,
				E5338C83223F365D0013DECC /* XLStatusBarHUDDemoTests.xctest */,
				E5338C8E223F365D0013DECC /* XLStatusBarHUDDemoUITests.xctest */,
			);
			name = Products;
			sourceTree = "<group>";
		};
		E5338C6D223F36590013DECC /* XLStatusBarHUDDemo */ = {
			isa = PBXGroup;
			children = (
				E5338CA0223F367E0013DECC /* XLStatusBarHUD */,
				E5338C6E223F36590013DECC /* AppDelegate.h */,
				E5338C6F223F36590013DECC /* AppDelegate.m */,
				E5338C71223F36590013DECC /* ViewController.h */,
				E5338C72223F36590013DECC /* ViewController.m */,
				E5338CA6223F36F90013DECC /* Main.storyboard */,
				E5338C77223F365C0013DECC /* Assets.xcassets */,
				E5338C79223F365C0013DECC /* LaunchScreen.storyboard */,
				E5338C7C223F365C0013DECC /* Info.plist */,
				E5338C7D223F365C0013DECC /* main.m */,
			);
			path = XLStatusBarHUDDemo;
			sourceTree = "<group>";
		};
		E5338C86223F365D0013DECC /* XLStatusBarHUDDemoTests */ = {
			isa = PBXGroup;
			children = (
				E5338C87223F365D0013DECC /* XLStatusBarHUDDemoTests.m */,
				E5338C89223F365D0013DECC /* Info.plist */,
			);
			path = XLStatusBarHUDDemoTests;
			sourceTree = "<group>";
		};
		E5338C91223F365D0013DECC /* XLStatusBarHUDDemoUITests */ = {
			isa = PBXGroup;
			children = (
				E5338C92223F365D0013DECC /* XLStatusBarHUDDemoUITests.m */,
				E5338C94223F365D0013DECC /* Info.plist */,
			);
			path = XLStatusBarHUDDemoUITests;
			sourceTree = "<group>";
		};
		E5338CA0223F367E0013DECC /* XLStatusBarHUD */ = {
			isa = PBXGroup;
			children = (
				E5338CA1223F367E0013DECC /* XLStatusBarHUD.h */,
				E5338CA3223F367E0013DECC /* XLStatusBarHUD.m */,
				E5338CA2223F367E0013DECC /* XLStatusBarHUD.bundle */,
			);
			path = XLStatusBarHUD;
			sourceTree = "<group>";
		};
/* End PBXGroup section */

/* Begin PBXNativeTarget section */
		E5338C6A223F36590013DECC /* XLStatusBarHUDDemo */ = {
			isa = PBXNativeTarget;
			buildConfigurationList = E5338C97223F365D0013DECC /* Build configuration list for PBXNativeTarget "XLStatusBarHUDDemo" */;
			buildPhases = (
				E5338C67223F36590013DECC /* Sources */,
				E5338C68223F36590013DECC /* Frameworks */,
				E5338C69223F36590013DECC /* Resources */,
			);
			buildRules = (
			);
			dependencies = (
			);
			name = XLStatusBarHUDDemo;
			productName = XLStatusBarHUDDemo;
			productReference = E5338C6B223F36590013DECC /* XLStatusBarHUDDemo.app */;
			productType = "com.apple.product-type.application";
		};
		E5338C82223F365D0013DECC /* XLStatusBarHUDDemoTests */ = {
			isa = PBXNativeTarget;
			buildConfigurationList = E5338C9A223F365D0013DECC /* Build configuration list for PBXNativeTarget "XLStatusBarHUDDemoTests" */;
			buildPhases = (
				E5338C7F223F365D0013DECC /* Sources */,
				E5338C80223F365D0013DECC /* Frameworks */,
				E5338C81223F365D0013DECC /* Resources */,
			);
			buildRules = (
			);
			dependencies = (
				E5338C85223F365D0013DECC /* PBXTargetDependency */,
			);
			name = XLStatusBarHUDDemoTests;
			productName = XLStatusBarHUDDemoTests;
			productReference = E5338C83223F365D0013DECC /* XLStatusBarHUDDemoTests.xctest */;
			productType = "com.apple.product-type.bundle.unit-test";
		};
		E5338C8D223F365D0013DECC /* XLStatusBarHUDDemoUITests */ = {
			isa = PBXNativeTarget;
			buildConfigurationList = E5338C9D223F365D0013DECC /* Build configuration list for PBXNativeTarget "XLStatusBarHUDDemoUITests" */;
			buildPhases = (
				E5338C8A223F365D0013DECC /* Sources */,
				E5338C8B223F365D0013DECC /* Frameworks */,
				E5338C8C223F365D0013DECC /* Resources */,
			);
			buildRules = (
			);
			dependencies = (
				E5338C90223F365D0013DECC /* PBXTargetDependency */,
			);
			name = XLStatusBarHUDDemoUITests;
			productName = XLStatusBarHUDDemoUITests;
			productReference = E5338C8E223F365D0013DECC /* XLStatusBarHUDDemoUITests.xctest */;
			productType = "com.apple.product-type.bundle.ui-testing";
		};
/* End PBXNativeTarget section */

/* Begin PBXProject section */
		E5338C63223F36590013DECC /* Project object */ = {
			isa = PBXProject;
			attributes = {
				LastUpgradeCheck = 1010;
				ORGANIZATIONNAME = XL;
				TargetAttributes = {
					E5338C6A223F36590013DECC = {
						CreatedOnToolsVersion = 10.1;
					};
					E5338C82223F365D0013DECC = {
						CreatedOnToolsVersion = 10.1;
						TestTargetID = E5338C6A223F36590013DECC;
					};
					E5338C8D223F365D0013DECC = {
						CreatedOnToolsVersion = 10.1;
						TestTargetID = E5338C6A223F36590013DECC;
					};
				};
			};
			buildConfigurationList = E5338C66223F36590013DECC /* Build configuration list for PBXProject "XLStatusBarHUDDemo" */;
			compatibilityVersion = "Xcode 9.3";
			developmentRegion = en;
			hasScannedForEncodings = 0;
			knownRegions = (
				en,
				Base,
			);
			mainGroup = E5338C62223F36590013DECC;
			productRefGroup = E5338C6C223F36590013DECC /* Products */;
			projectDirPath = "";
			projectRoot = "";
			targets = (
				E5338C6A223F36590013DECC /* XLStatusBarHUDDemo */,
				E5338C82223F365D0013DECC /* XLStatusBarHUDDemoTests */,
				E5338C8D223F365D0013DECC /* XLStatusBarHUDDemoUITests */,
			);
		};
/* End PBXProject section */

/* Begin PBXResourcesBuildPhase section */
		E5338C69223F36590013DECC /* Resources */ = {
			isa = PBXResourcesBuildPhase;
			buildActionMask = 2147483647;
			files = (
				E5338C7B223F365C0013DECC /* LaunchScreen.storyboard in Resources */,
				E5338C78223F365C0013DECC /* Assets.xcassets in Resources */,
				E5338CA4223F367E0013DECC /* XLStatusBarHUD.bundle in Resources */,
				E5338CA7223F36F90013DECC /* Main.storyboard in Resources */,
			);
			runOnlyForDeploymentPostprocessing = 0;
		};
		E5338C81223F365D0013DECC /* Resources */ = {
			isa = PBXResourcesBuildPhase;
			buildActionMask = 2147483647;
			files = (
			);
			runOnlyForDeploymentPostprocessing = 0;
		};
		E5338C8C223F365D0013DECC /* Resources */ = {
			isa = PBXResourcesBuildPhase;
			buildActionMask = 2147483647;
			files = (
			);
			runOnlyForDeploymentPostprocessing = 0;
		};
/* End PBXResourcesBuildPhase section */

/* Begin PBXSourcesBuildPhase section */
		E5338C67223F36590013DECC /* Sources */ = {
			isa = PBXSourcesBuildPhase;
			buildActionMask = 2147483647;
			files = (
				E5338C73223F36590013DECC /* ViewController.m in Sources */,
				E5338CA5223F367E0013DECC /* XLStatusBarHUD.m in Sources */,
				E5338C7E223F365C0013DECC /* main.m in Sources */,
				E5338C70223F36590013DECC /* AppDelegate.m in Sources */,
			);
			runOnlyForDeploymentPostprocessing = 0;
		};
		E5338C7F223F365D0013DECC /* Sources */ = {
			isa = PBXSourcesBuildPhase;
			buildActionMask = 2147483647;
			files = (
				E5338C88223F365D0013DECC /* XLStatusBarHUDDemoTests.m in Sources */,
			);
			runOnlyForDeploymentPostprocessing = 0;
		};
		E5338C8A223F365D0013DECC /* Sources */ = {
			isa = PBXSourcesBuildPhase;
			buildActionMask = 2147483647;
			files = (
				E5338C93223F365D0013DECC /* XLStatusBarHUDDemoUITests.m in Sources */,
			);
			runOnlyForDeploymentPostprocessing = 0;
		};
/* End PBXSourcesBuildPhase section */

/* Begin PBXTargetDependency section */
		E5338C85223F365D0013DECC /* PBXTargetDependency */ = {
			isa = PBXTargetDependency;
			target = E5338C6A223F36590013DECC /* XLStatusBarHUDDemo */;
			targetProxy = E5338C84223F365D0013DECC /* PBXContainerItemProxy */;
		};
		E5338C90223F365D0013DECC /* PBXTargetDependency */ = {
			isa = PBXTargetDependency;
			target = E5338C6A223F36590013DECC /* XLStatusBarHUDDemo */;
			targetProxy = E5338C8F223F365D0013DECC /* PBXContainerItemProxy */;
		};
/* End PBXTargetDependency section */

/* Begin PBXVariantGroup section */
		E5338C79223F365C0013DECC /* LaunchScreen.storyboard */ = {
			isa = PBXVariantGroup;
			children = (
				E5338C7A223F365C0013DECC /* Base */,
			);
			name = LaunchScreen.storyboard;
			sourceTree = "<group>";
		};
/* End PBXVariantGroup section */

/* Begin XCBuildConfiguration section */
		E5338C95223F365D0013DECC /* Debug */ = {
			isa = XCBuildConfiguration;
			buildSettings = {
				ALWAYS_SEARCH_USER_PATHS = NO;
				CLANG_ANALYZER_NONNULL = YES;
				CLANG_ANALYZER_NUMBER_OBJECT_CONVERSION = YES_AGGRESSIVE;
				CLANG_CXX_LANGUAGE_STANDARD = "gnu++14";
				CLANG_CXX_LIBRARY = "libc++";
				CLANG_ENABLE_MODULES = YES;
				CLANG_ENABLE_OBJC_ARC = YES;
				CLANG_ENABLE_OBJC_WEAK = YES;
				CLANG_WARN_BLOCK_CAPTURE_AUTORELEASING = YES;
				CLANG_WARN_BOOL_CONVERSION = YES;
				CLANG_WARN_COMMA = YES;
				CLANG_WARN_CONSTANT_CONVERSION = YES;
				CLANG_WARN_DEPRECATED_OBJC_IMPLEMENTATIONS = YES;
				CLANG_WARN_DIRECT_OBJC_ISA_USAGE = YES_ERROR;
				CLANG_WARN_DOCUMENTATION_COMMENTS = YES;
				CLANG_WARN_EMPTY_BODY = YES;
				CLANG_WARN_ENUM_CONVERSION = YES;
				CLANG_WARN_INFINITE_RECURSION = YES;
				CLANG_WARN_INT_CONVERSION = YES;
				CLANG_WARN_NON_LITERAL_NULL_CONVERSION = YES;
				CLANG_WARN_OBJC_IMPLICIT_RETAIN_SELF = YES;
				CLANG_WARN_OBJC_LITERAL_CONVERSION = YES;
				CLANG_WARN_OBJC_ROOT_CLASS = YES_ERROR;
				CLANG_WARN_RANGE_LOOP_ANALYSIS = YES;
				CLANG_WARN_STRICT_PROTOTYPES = YES;
				CLANG_WARN_SUSPICIOUS_MOVE = YES;
				CLANG_WARN_UNGUARDED_AVAILABILITY = YES_AGGRESSIVE;
				CLANG_WARN_UNREACHABLE_CODE = YES;
				CLANG_WARN__DUPLICATE_METHOD_MATCH = YES;
				CODE_SIGN_IDENTITY = "iPhone Developer";
				COPY_PHASE_STRIP = NO;
				DEBUG_INFORMATION_FORMAT = dwarf;
				ENABLE_STRICT_OBJC_MSGSEND = YES;
				ENABLE_TESTABILITY = YES;
				GCC_C_LANGUAGE_STANDARD = gnu11;
				GCC_DYNAMIC_NO_PIC = NO;
				GCC_NO_COMMON_BLOCKS = YES;
				GCC_OPTIMIZATION_LEVEL = 0;
				GCC_PREPROCESSOR_DEFINITIONS = (
					"DEBUG=1",
					"$(inherited)",
				);
				GCC_WARN_64_TO_32_BIT_CONVERSION = YES;
				GCC_WARN_ABOUT_RETURN_TYPE = YES_ERROR;
				GCC_WARN_UNDECLARED_SELECTOR = YES;
				GCC_WARN_UNINITIALIZED_AUTOS = YES_AGGRESSIVE;
				GCC_WARN_UNUSED_FUNCTION = YES;
				GCC_WARN_UNUSED_VARIABLE = YES;
				IPHONEOS_DEPLOYMENT_TARGET = 12.1;
				MTL_ENABLE_DEBUG_INFO = INCLUDE_SOURCE;
				MTL_FAST_MATH = YES;
				ONLY_ACTIVE_ARCH = YES;
				SDKROOT = iphoneos;
			};
			name = Debug;
		};
		E5338C96223F365D0013DECC /* Release */ = {
			isa = XCBuildConfiguration;
			buildSettings = {
				ALWAYS_SEARCH_USER_PATHS = NO;
				CLANG_ANALYZER_NONNULL = YES;
				CLANG_ANALYZER_NUMBER_OBJECT_CONVERSION = YES_AGGRESSIVE;
				CLANG_CXX_LANGUAGE_STANDARD = "gnu++14";
				CLANG_CXX_LIBRARY = "libc++";
				CLANG_ENABLE_MODULES = YES;
				CLANG_ENABLE_OBJC_ARC = YES;
				CLANG_ENABLE_OBJC_WEAK = YES;
				CLANG_WARN_BLOCK_CAPTURE_AUTORELEASING = YES;
				CLANG_WARN_BOOL_CONVERSION = YES;
				CLANG_WARN_COMMA = YES;
				CLANG_WARN_CONSTANT_CONVERSION = YES;
				CLANG_WARN_DEPRECATED_OBJC_IMPLEMENTATIONS = YES;
				CLANG_WARN_DIRECT_OBJC_ISA_USAGE = YES_ERROR;
				CLANG_WARN_DOCUMENTATION_COMMENTS = YES;
				CLANG_WARN_EMPTY_BODY = YES;
				CLANG_WARN_ENUM_CONVERSION = YES;
				CLANG_WARN_INFINITE_RECURSION = YES;
				CLANG_WARN_INT_CONVERSION = YES;
				CLANG_WARN_NON_LITERAL_NULL_CONVERSION = YES;
				CLANG_WARN_OBJC_IMPLICIT_RETAIN_SELF = YES;
				CLANG_WARN_OBJC_LITERAL_CONVERSION = YES;
				CLANG_WARN_OBJC_ROOT_CLASS = YES_ERROR;
				CLANG_WARN_RANGE_LOOP_ANALYSIS = YES;
				CLANG_WARN_STRICT_PROTOTYPES = YES;
				CLANG_WARN_SUSPICIOUS_MOVE = YES;
				CLANG_WARN_UNGUARDED_AVAILABILITY = YES_AGGRESSIVE;
				CLANG_WARN_UNREACHABLE_CODE = YES;
				CLANG_WARN__DUPLICATE_METHOD_MATCH = YES;
				CODE_SIGN_IDENTITY = "iPhone Developer";
				COPY_PHASE_STRIP = NO;
				DEBUG_INFORMATION_FORMAT = "dwarf-with-dsym";
				ENABLE_NS_ASSERTIONS = NO;
				ENABLE_STRICT_OBJC_MSGSEND = YES;
				GCC_C_LANGUAGE_STANDARD = gnu11;
				GCC_NO_COMMON_BLOCKS = YES;
				GCC_WARN_64_TO_32_BIT_CONVERSION = YES;
				GCC_WARN_ABOUT_RETURN_TYPE = YES_ERROR;
				GCC_WARN_UNDECLARED_SELECTOR = YES;
				GCC_WARN_UNINITIALIZED_AUTOS = YES_AGGRESSIVE;
				GCC_WARN_UNUSED_FUNCTION = YES;
				GCC_WARN_UNUSED_VARIABLE = YES;
				IPHONEOS_DEPLOYMENT_TARGET = 12.1;
				MTL_ENABLE_DEBUG_INFO = NO;
				MTL_FAST_MATH = YES;
				SDKROOT = iphoneos;
				VALIDATE_PRODUCT = YES;
			};
			name = Release;
		};
		E5338C98223F365D0013DECC /* Debug */ = {
			isa = XCBuildConfiguration;
			buildSettings = {
				ASSETCATALOG_COMPILER_APPICON_NAME = AppIcon;
				CODE_SIGN_STYLE = Automatic;
				DEVELOPMENT_TEAM = 7YF657B2DJ;
				INFOPLIST_FILE = XLStatusBarHUDDemo/Info.plist;
				LD_RUNPATH_SEARCH_PATHS = (
					"$(inherited)",
					"@executable_path/Frameworks",
				);
				PRODUCT_BUNDLE_IDENTIFIER = com.yixiuche.XLStatusBarHUDDemo;
				PRODUCT_NAME = "$(TARGET_NAME)";
				TARGETED_DEVICE_FAMILY = "1,2";
			};
			name = Debug;
		};
		E5338C99223F365D0013DECC /* Release */ = {
			isa = XCBuildConfiguration;
			buildSettings = {
				ASSETCATALOG_COMPILER_APPICON_NAME = AppIcon;
				CODE_SIGN_STYLE = Automatic;
				DEVELOPMENT_TEAM = 7YF657B2DJ;
				INFOPLIST_FILE = XLStatusBarHUDDemo/Info.plist;
				LD_RUNPATH_SEARCH_PATHS = (
					"$(inherited)",
					"@executable_path/Frameworks",
				);
				PRODUCT_BUNDLE_IDENTIFIER = com.yixiuche.XLStatusBarHUDDemo;
				PRODUCT_NAME = "$(TARGET_NAME)";
				TARGETED_DEVICE_FAMILY = "1,2";
			};
			name = Release;
		};
		E5338C9B223F365D0013DECC /* Debug */ = {
			isa = XCBuildConfiguration;
			buildSettings = {
				BUNDLE_LOADER = "$(TEST_HOST)";
				CODE_SIGN_STYLE = Automatic;
				DEVELOPMENT_TEAM = 7YF657B2DJ;
				INFOPLIST_FILE = XLStatusBarHUDDemoTests/Info.plist;
				LD_RUNPATH_SEARCH_PATHS = (
					"$(inherited)",
					"@executable_path/Frameworks",
					"@loader_path/Frameworks",
				);
				PRODUCT_BUNDLE_IDENTIFIER = com.yixiuche.XLStatusBarHUDDemoTests;
				PRODUCT_NAME = "$(TARGET_NAME)";
				TARGETED_DEVICE_FAMILY = "1,2";
				TEST_HOST = "$(BUILT_PRODUCTS_DIR)/XLStatusBarHUDDemo.app/XLStatusBarHUDDemo";
			};
			name = Debug;
		};
		E5338C9C223F365D0013DECC /* Release */ = {
			isa = XCBuildConfiguration;
			buildSettings = {
				BUNDLE_LOADER = "$(TEST_HOST)";
				CODE_SIGN_STYLE = Automatic;
				DEVELOPMENT_TEAM = 7YF657B2DJ;
				INFOPLIST_FILE = XLStatusBarHUDDemoTests/Info.plist;
				LD_RUNPATH_SEARCH_PATHS = (
					"$(inherited)",
					"@executable_path/Frameworks",
					"@loader_path/Frameworks",
				);
				PRODUCT_BUNDLE_IDENTIFIER = com.yixiuche.XLStatusBarHUDDemoTests;
				PRODUCT_NAME = "$(TARGET_NAME)";
				TARGETED_DEVICE_FAMILY = "1,2";
				TEST_HOST = "$(BUILT_PRODUCTS_DIR)/XLStatusBarHUDDemo.app/XLStatusBarHUDDemo";
			};
			name = Release;
		};
		E5338C9E223F365D0013DECC /* Debug */ = {
			isa = XCBuildConfiguration;
			buildSettings = {
				CODE_SIGN_STYLE = Automatic;
				DEVELOPMENT_TEAM = 7YF657B2DJ;
				INFOPLIST_FILE = XLStatusBarHUDDemoUITests/Info.plist;
				LD_RUNPATH_SEARCH_PATHS = (
					"$(inherited)",
					"@executable_path/Frameworks",
					"@loader_path/Frameworks",
				);
				PRODUCT_BUNDLE_IDENTIFIER = com.yixiuche.XLStatusBarHUDDemoUITests;
				PRODUCT_NAME = "$(TARGET_NAME)";
				TARGETED_DEVICE_FAMILY = "1,2";
				TEST_TARGET_NAME = XLStatusBarHUDDemo;
			};
			name = Debug;
		};
		E5338C9F223F365D0013DECC /* Release */ = {
			isa = XCBuildConfiguration;
			buildSettings = {
				CODE_SIGN_STYLE = Automatic;
				DEVELOPMENT_TEAM = 7YF657B2DJ;
				INFOPLIST_FILE = XLStatusBarHUDDemoUITests/Info.plist;
				LD_RUNPATH_SEARCH_PATHS = (
					"$(inherited)",
					"@executable_path/Frameworks",
					"@loader_path/Frameworks",
				);
				PRODUCT_BUNDLE_IDENTIFIER = com.yixiuche.XLStatusBarHUDDemoUITests;
				PRODUCT_NAME = "$(TARGET_NAME)";
				TARGETED_DEVICE_FAMILY = "1,2";
				TEST_TARGET_NAME = XLStatusBarHUDDemo;
			};
			name = Release;
		};
/* End XCBuildConfiguration section */

/* Begin XCConfigurationList section */
		E5338C66223F36590013DECC /* Build configuration list for PBXProject "XLStatusBarHUDDemo" */ = {
			isa = XCConfigurationList;
			buildConfigurations = (
				E5338C95223F365D0013DECC /* Debug */,
				E5338C96223F365D0013DECC /* Release */,
			);
			defaultConfigurationIsVisible = 0;
			defaultConfigurationName = Release;
		};
		E5338C97223F365D0013DECC /* Build configuration list for PBXNativeTarget "XLStatusBarHUDDemo" */ = {
			isa = XCConfigurationList;
			buildConfigurations = (
				E5338C98223F365D0013DECC /* Debug */,
				E5338C99223F365D0013DECC /* Release */,
			);
			defaultConfigurationIsVisible = 0;
			defaultConfigurationName = Release;
		};
		E5338C9A223F365D0013DECC /* Build configuration list for PBXNativeTarget "XLStatusBarHUDDemoTests" */ = {
			isa = XCConfigurationList;
			buildConfigurations = (
				E5338C9B223F365D0013DECC /* Debug */,
				E5338C9C223F365D0013DECC /* Release */,
			);
			defaultConfigurationIsVisible = 0;
			defaultConfigurationName = Release;
		};
		E5338C9D223F365D0013DECC /* Build configuration list for PBXNativeTarget "XLStatusBarHUDDemoUITests" */ = {
			isa = XCConfigurationList;
			buildConfigurations = (
				E5338C9E223F365D0013DECC /* Debug */,
				E5338C9F223F365D0013DECC /* Release */,
			);
			defaultConfigurationIsVisible = 0;
			defaultConfigurationName = Release;
		};
/* End XCConfigurationList section */
	};
	rootObject = E5338C63223F36590013DECC /* Project object */;
}
